{
    "version": 3,
    "terraform_version": "0.11.13",
    "serial": 3,
    "lineage": "0570562c-4c00-9095-9932-63c8e4db645e",
    "modules": [
        {
            "path": [
                "root"
            ],
            "outputs": {},
            "resources": {
                "docker_container.container_id": {
                    "type": "docker_container",
                    "depends_on": [
                        "docker_image.here_image_id"
                    ],
                    "primary": {
                        "id": "417bd4f9c88e7d2181d10edff7745e2c714f2ee45e76cecd0087262c1461cacf",
                        "attributes": {
                            "attach": "false",
                            "bridge": "",
                            "gateway": "172.17.0.1",
                            "id": "417bd4f9c88e7d2181d10edff7745e2c714f2ee45e76cecd0087262c1461cacf",
                            "image": "sha256:76a9e3f4d6b89340270dda542abbf5f27ce5dfc56dbb3a20a65b108f312258b8",
                            "ip_address": "172.17.0.2",
                            "ip_prefix_length": "16",
                            "log_driver": "json-file",
                            "logs": "false",
                            "must_run": "true",
                            "name": "blog",
                            "network_data.#": "1",
                            "network_data.0.gateway": "172.17.0.1",
                            "network_data.0.ip_address": "172.17.0.2",
                            "network_data.0.ip_prefix_length": "16",
                            "network_data.0.network_name": "bridge",
                            "ports.#": "1",
                            "ports.0.external": "80",
                            "ports.0.internal": "2368",
                            "ports.0.ip": "0.0.0.0",
                            "ports.0.protocol": "tcp",
                            "restart": "no",
                            "rm": "false",
                            "start": "true"
                        },
                        "meta": {
                            "schema_version": "1"
                        },
                        "tainted": false
                    },
                    "deposed": [],
                    "provider": "provider.docker"
                },
                "docker_image.here_image_id": {
                    "type": "docker_image",
                    "depends_on": [],
                    "primary": {
                        "id": "sha256:76a9e3f4d6b89340270dda542abbf5f27ce5dfc56dbb3a20a65b108f312258b8ghost:latest",
                        "attributes": {
                            "id": "sha256:76a9e3f4d6b89340270dda542abbf5f27ce5dfc56dbb3a20a65b108f312258b8ghost:latest",
                            "latest": "sha256:76a9e3f4d6b89340270dda542abbf5f27ce5dfc56dbb3a20a65b108f312258b8",
                            "name": "ghost:latest"
                        },
                        "meta": {},
                        "tainted": false
                    },
                    "deposed": [],
                    "provider": "provider.docker"
                }
            },
            "depends_on": []
        }
    ]
}
