{
    "version": 3,
    "terraform_version": "0.11.13",
    "serial": 2,
    "lineage": "8506631b-ac62-8033-f6b2-491f9dd1f8fe",
    "modules": [
        {
            "path": [
                "root"
            ],
            "outputs": {
                "Container Name": {
                    "sensitive": false,
                    "type": "string",
                    "value": "prod_blog"
                },
                "IP Address": {
                    "sensitive": false,
                    "type": "string",
                    "value": "172.17.0.3"
                }
            },
            "resources": {},
            "depends_on": []
        },
        {
            "path": [
                "root",
                "container"
            ],
            "outputs": {
                "container_name": {
                    "sensitive": false,
                    "type": "string",
                    "value": "prod_blog"
                },
                "ip": {
                    "sensitive": false,
                    "type": "string",
                    "value": "172.17.0.3"
                }
            },
            "resources": {
                "docker_container.container_id": {
                    "type": "docker_container",
                    "depends_on": [],
                    "primary": {
                        "id": "7b5aee0bd7b670c6ddceb412416da47c39c8fe1e552b5681db8b3a10691cc724",
                        "attributes": {
                            "attach": "false",
                            "bridge": "",
                            "gateway": "172.17.0.1",
                            "id": "7b5aee0bd7b670c6ddceb412416da47c39c8fe1e552b5681db8b3a10691cc724",
                            "image": "sha256:f7ce32a79c424f1833d1c7d47187da8427cb4c0b659847046b66dd277584ed1a",
                            "ip_address": "172.17.0.3",
                            "ip_prefix_length": "16",
                            "log_driver": "json-file",
                            "logs": "false",
                            "must_run": "true",
                            "name": "prod_blog",
                            "network_data.#": "1",
                            "network_data.0.gateway": "172.17.0.1",
                            "network_data.0.ip_address": "172.17.0.3",
                            "network_data.0.ip_prefix_length": "16",
                            "network_data.0.network_name": "bridge",
                            "ports.#": "1",
                            "ports.0.external": "80",
                            "ports.0.internal": "2368",
                            "ports.0.ip": "0.0.0.0",
                            "ports.0.protocol": "tcp",
                            "restart": "no",
                            "rm": "false",
                            "start": "true"
                        },
                        "meta": {
                            "schema_version": "1"
                        },
                        "tainted": false
                    },
                    "deposed": [],
                    "provider": "provider.docker"
                }
            },
            "depends_on": []
        },
        {
            "path": [
                "root",
                "image"
            ],
            "outputs": {
                "image_out": {
                    "sensitive": false,
                    "type": "string",
                    "value": "sha256:f7ce32a79c424f1833d1c7d47187da8427cb4c0b659847046b66dd277584ed1a"
                }
            },
            "resources": {
                "docker_image.image_id": {
                    "type": "docker_image",
                    "depends_on": [],
                    "primary": {
                        "id": "sha256:f7ce32a79c424f1833d1c7d47187da8427cb4c0b659847046b66dd277584ed1aghost:alpine",
                        "attributes": {
                            "id": "sha256:f7ce32a79c424f1833d1c7d47187da8427cb4c0b659847046b66dd277584ed1aghost:alpine",
                            "latest": "sha256:f7ce32a79c424f1833d1c7d47187da8427cb4c0b659847046b66dd277584ed1a",
                            "name": "ghost:alpine"
                        },
                        "meta": {},
                        "tainted": false
                    },
                    "deposed": [],
                    "provider": "provider.docker"
                }
            },
            "depends_on": []
        }
    ]
}
